// !$*UTF8*$!
{
	archiveVersion = 1;
	classes = {
	};
	objectVersion = 46;
	objects = {

/* Begin PBXBuildFile section */
		727B7BDD15B8C6D700D3F248 /* UIKit.framework in Frameworks */ = {isa = PBXBuildFile; fileRef = 727B7BDC15B8C6D700D3F248 /* UIKit.framework */; };
		727B7BDF15B8C6D700D3F248 /* Foundation.framework in Frameworks */ = {isa = PBXBuildFile; fileRef = 727B7BDE15B8C6D700D3F248 /* Foundation.framework */; };
		727B7BE115B8C6D700D3F248 /* CoreGraphics.framework in Frameworks */ = {isa = PBXBuildFile; fileRef = 727B7BE015B8C6D700D3F248 /* CoreGraphics.framework */; };
		727B7BE715B8C6D700D3F248 /* InfoPlist.strings in Resources */ = {isa = PBXBuildFile; fileRef = 727B7BE515B8C6D700D3F248 /* InfoPlist.strings */; };
		727B7BE915B8C6D700D3F248 /* main.m in Sources */ = {isa = PBXBuildFile; fileRef = 727B7BE815B8C6D700D3F248 /* main.m */; };
		727B7BED15B8C6D700D3F248 /* AppDelegate.m in Sources */ = {isa = PBXBuildFile; fileRef = 727B7BEC15B8C6D700D3F248 /* AppDelegate.m */; };
		727B7BF015B8C6D700D3F248 /* ViewController.m in Sources */ = {isa = PBXBuildFile; fileRef = 727B7BEF15B8C6D700D3F248 /* ViewController.m */; };
		727B7BF315B8C6D700D3F248 /* ViewController.xib in Resources */ = {isa = PBXBuildFile; fileRef = 727B7BF115B8C6D700D3F248 /* ViewController.xib */; };
/* End PBXBuildFile section */

/* Begin PBXFileReference section */
		727B7BD815B8C6D700D3F248 /* Twitter Count Demo.app */ = {isa = PBXFileReference; explicitFileType = wrapper.application; includeInIndex = 0; path = "Twitter Count Demo.app"; sourceTree = BUILT_PRODUCTS_DIR; };
		727B7BDC15B8C6D700D3F248 /* UIKit.framework */ = {isa = PBXFileReference; lastKnownFileType = wrapper.framework; name = UIKit.framework; path = System/Library/Frameworks/UIKit.framework; sourceTree = SDKROOT; };
		727B7BDE15B8C6D700D3F248 /* Foundation.framework */ = {isa = PBXFileReference; lastKnownFileType = wrapper.framework; name = Foundation.framework; path = System/Library/Frameworks/Foundation.framework; sourceTree = SDKROOT; };
		727B7BE015B8C6D700D3F248 /* CoreGraphics.framework */ = {isa = PBXFileReference; lastKnownFileType = wrapper.framework; name = CoreGraphics.framework; path = System/Library/Frameworks/CoreGraphics.framework; sourceTree = SDKROOT; };
		727B7BE415B8C6D700D3F248 /* Twitter Count Demo-Info.plist */ = {isa = PBXFileReference; lastKnownFileType = text.plist.xml; path = "Twitter Count Demo-Info.plist"; sourceTree = "<group>"; };
		727B7BE615B8C6D700D3F248 /* en */ = {isa = PBXFileReference; lastKnownFileType = text.plist.strings; name = en; path = en.lproj/InfoPlist.strings; sourceTree = "<group>"; };
		727B7BE815B8C6D700D3F248 /* main.m */ = {isa = PBXFileReference; lastKnownFileType = sourcecode.c.objc; path = main.m; sourceTree = "<group>"; };
		727B7BEA15B8C6D700D3F248 /* Twitter Count Demo-Prefix.pch */ = {isa = PBXFileReference; lastKnownFileType = sourcecode.c.h; path = "Twitter Count Demo-Prefix.pch"; sourceTree = "<group>"; };
		727B7BEB15B8C6D700D3F248 /* AppDelegate.h */ = {isa = PBXFileReference; lastKnownFileType = sourcecode.c.h; path = AppDelegate.h; sourceTree = "<group>"; };
		727B7BEC15B8C6D700D3F248 /* AppDelegate.m */ = {isa = PBXFileReference; lastKnownFileType = sourcecode.c.objc; path = AppDelegate.m; sourceTree = "<group>"; };
		727B7BEE15B8C6D700D3F248 /* ViewController.h */ = {isa = PBXFileReference; lastKnownFileType = sourcecode.c.h; path = ViewController.h; sourceTree = "<group>"; };
		727B7BEF15B8C6D700D3F248 /* ViewController.m */ = {isa = PBXFileReference; lastKnownFileType = sourcecode.c.objc; path = ViewController.m; sourceTree = "<group>"; };
		727B7BF215B8C6D700D3F248 /* en */ = {isa = PBXFileReference; lastKnownFileType = file.xib; name = en; path = en.lproj/ViewController.xib; sourceTree = "<group>"; };
/* End PBXFileReference section */

/* Begin PBXFrameworksBuildPhase section */
		727B7BD515B8C6D700D3F248 /* Frameworks */ = {
			isa = PBXFrameworksBuildPhase;
			buildActionMask = 2147483647;
			files = (
				727B7BDD15B8C6D700D3F248 /* UIKit.framework in Frameworks */,
				727B7BDF15B8C6D700D3F248 /* Foundation.framework in Frameworks */,
				727B7BE115B8C6D700D3F248 /* CoreGraphics.framework in Frameworks */,
			);
			runOnlyForDeploymentPostprocessing = 0;
		};
/* End PBXFrameworksBuildPhase section */

/* Begin PBXGroup section */
		727B7BCD15B8C6D600D3F248 = {
			isa = PBXGroup;
			children = (
				727B7BE215B8C6D700D3F248 /* Twitter Count Demo */,
				727B7BDB15B8C6D700D3F248 /* Frameworks */,
				727B7BD915B8C6D700D3F248 /* Products */,
			);
			sourceTree = "<group>";
		};
		727B7BD915B8C6D700D3F248 /* Products */ = {
			isa = PBXGroup;
			children = (
				727B7BD815B8C6D700D3F248 /* Twitter Count Demo.app */,
			);
			name = Products;
			sourceTree = "<group>";
		};
		727B7BDB15B8C6D700D3F248 /* Frameworks */ = {
			isa = PBXGroup;
			children = (
				727B7BDC15B8C6D700D3F248 /* UIKit.framework */,
				727B7BDE15B8C6D700D3F248 /* Foundation.framework */,
				727B7BE015B8C6D700D3F248 /* CoreGraphics.framework */,
			);
			name = Frameworks;
			sourceTree = "<group>";
		};
		727B7BE215B8C6D700D3F248 /* Twitter Count Demo */ = {
			isa = PBXGroup;
			children = (
				727B7BEB15B8C6D700D3F248 /* AppDelegate.h */,
				727B7BEC15B8C6D700D3F248 /* AppDelegate.m */,
				727B7BEE15B8C6D700D3F248 /* ViewController.h */,
				727B7BEF15B8C6D700D3F248 /* ViewController.m */,
				727B7BF115B8C6D700D3F248 /* ViewController.xib */,
				727B7BE315B8C6D700D3F248 /* Supporting Files */,
			);
			path = "Twitter Count Demo";
			sourceTree = "<group>";
		};
		727B7BE315B8C6D700D3F248 /* Supporting Files */ = {
			isa = PBXGroup;
			children = (
				727B7BE415B8C6D700D3F248 /* Twitter Count Demo-Info.plist */,
				727B7BE515B8C6D700D3F248 /* InfoPlist.strings */,
				727B7BE815B8C6D700D3F248 /* main.m */,
				727B7BEA15B8C6D700D3F248 /* Twitter Count Demo-Prefix.pch */,
			);
			name = "Supporting Files";
			sourceTree = "<group>";
		};
/* End PBXGroup section */

/* Begin PBXNativeTarget section */
		727B7BD715B8C6D700D3F248 /* Twitter Count Demo */ = {
			isa = PBXNativeTarget;
			buildConfigurationList = 727B7BF615B8C6D700D3F248 /* Build configuration list for PBXNativeTarget "Twitter Count Demo" */;
			buildPhases = (
				727B7BD415B8C6D700D3F248 /* Sources */,
				727B7BD515B8C6D700D3F248 /* Frameworks */,
				727B7BD615B8C6D700D3F248 /* Resources */,
			);
			buildRules = (
			);
			dependencies = (
			);
			name = "Twitter Count Demo";
			productName = "Twitter Count Demo";
			productReference = 727B7BD815B8C6D700D3F248 /* Twitter Count Demo.app */;
			productType = "com.apple.product-type.application";
		};
/* End PBXNativeTarget section */

/* Begin PBXProject section */
		727B7BCF15B8C6D600D3F248 /* Project object */ = {
			isa = PBXProject;
			attributes = {
				LastUpgradeCheck = 0430;
			};
			buildConfigurationList = 727B7BD215B8C6D600D3F248 /* Build configuration list for PBXProject "Twitter Count Demo" */;
			compatibilityVersion = "Xcode 3.2";
			developmentRegion = English;
			hasScannedForEncodings = 0;
			knownRegions = (
				en,
			);
			mainGroup = 727B7BCD15B8C6D600D3F248;
			productRefGroup = 727B7BD915B8C6D700D3F248 /* Products */;
			projectDirPath = "";
			projectRoot = "";
			targets = (
				727B7BD715B8C6D700D3F248 /* Twitter Count Demo */,
			);
		};
/* End PBXProject section */

/* Begin PBXResourcesBuildPhase section */
		727B7BD615B8C6D700D3F248 /* Resources */ = {
			isa = PBXResourcesBuildPhase;
			buildActionMask = 2147483647;
			files = (
				727B7BE715B8C6D700D3F248 /* InfoPlist.strings in Resources */,
				727B7BF315B8C6D700D3F248 /* ViewController.xib in Resources */,
			);
			runOnlyForDeploymentPostprocessing = 0;
		};
/* End PBXResourcesBuildPhase section */

/* Begin PBXSourcesBuildPhase section */
		727B7BD415B8C6D700D3F248 /* Sources */ = {
			isa = PBXSourcesBuildPhase;
			buildActionMask = 2147483647;
			files = (
				727B7BE915B8C6D700D3F248 /* main.m in Sources */,
				727B7BED15B8C6D700D3F248 /* AppDelegate.m in Sources */,
				727B7BF015B8C6D700D3F248 /* ViewController.m in Sources */,
			);
			runOnlyForDeploymentPostprocessing = 0;
		};
/* End PBXSourcesBuildPhase section */

/* Begin PBXVariantGroup section */
		727B7BE515B8C6D700D3F248 /* InfoPlist.strings */ = {
			isa = PBXVariantGroup;
			children = (
				727B7BE615B8C6D700D3F248 /* en */,
			);
			name = InfoPlist.strings;
			sourceTree = "<group>";
		};
		727B7BF115B8C6D700D3F248 /* ViewController.xib */ = {
			isa = PBXVariantGroup;
			children = (
				727B7BF215B8C6D700D3F248 /* en */,
			);
			name = ViewController.xib;
			sourceTree = "<group>";
		};
/* End PBXVariantGroup section */

/* Begin XCBuildConfiguration section */
		727B7BF415B8C6D700D3F248 /* Debug */ = {
			isa = XCBuildConfiguration;
			buildSettings = {
				ALWAYS_SEARCH_USER_PATHS = NO;
				ARCHS = "$(ARCHS_STANDARD_32_BIT)";
				CLANG_ENABLE_OBJC_ARC = YES;
				"CODE_SIGN_IDENTITY[sdk=iphoneos*]" = "iPhone Developer";
				COPY_PHASE_STRIP = NO;
				GCC_C_LANGUAGE_STANDARD = gnu99;
				GCC_DYNAMIC_NO_PIC = NO;
				GCC_OPTIMIZATION_LEVEL = 0;
				GCC_PREPROCESSOR_DEFINITIONS = (
					"DEBUG=1",
					"$(inherited)",
				);
				GCC_SYMBOLS_PRIVATE_EXTERN = NO;
				GCC_VERSION = com.apple.compilers.llvm.clang.1_0;
				GCC_WARN_ABOUT_RETURN_TYPE = YES;
				GCC_WARN_UNINITIALIZED_AUTOS = YES;
				GCC_WARN_UNUSED_VARIABLE = YES;
				IPHONEOS_DEPLOYMENT_TARGET = 5.1;
				SDKROOT = iphoneos;
			};
			name = Debug;
		};
		727B7BF515B8C6D700D3F248 /* Release */ = {
			isa = XCBuildConfiguration;
			buildSettings = {
				ALWAYS_SEARCH_USER_PATHS = NO;
				ARCHS = "$(ARCHS_STANDARD_32_BIT)";
				CLANG_ENABLE_OBJC_ARC = YES;
				"CODE_SIGN_IDENTITY[sdk=iphoneos*]" = "iPhone Developer";
				COPY_PHASE_STRIP = YES;
				GCC_C_LANGUAGE_STANDARD = gnu99;
				GCC_VERSION = com.apple.compilers.llvm.clang.1_0;
				GCC_WARN_ABOUT_RETURN_TYPE = YES;
				GCC_WARN_UNINITIALIZED_AUTOS = YES;
				GCC_WARN_UNUSED_VARIABLE = YES;
				IPHONEOS_DEPLOYMENT_TARGET = 5.1;
				OTHER_CFLAGS = "-DNS_BLOCK_ASSERTIONS=1";
				SDKROOT = iphoneos;
				VALIDATE_PRODUCT = YES;
			};
			name = Release;
		};
		727B7BF715B8C6D700D3F248 /* Debug */ = {
			isa = XCBuildConfiguration;
			buildSettings = {
				GCC_PRECOMPILE_PREFIX_HEADER = YES;
				GCC_PREFIX_HEADER = "Twitter Count Demo/Twitter Count Demo-Prefix.pch";
				INFOPLIST_FILE = "Twitter Count Demo/Twitter Count Demo-Info.plist";
				PRODUCT_NAME = "$(TARGET_NAME)";
				WRAPPER_EXTENSION = app;
			};
			name = Debug;
		};
		727B7BF815B8C6D700D3F248 /* Release */ = {
			isa = XCBuildConfiguration;
			buildSettings = {
				GCC_PRECOMPILE_PREFIX_HEADER = YES;
				GCC_PREFIX_HEADER = "Twitter Count Demo/Twitter Count Demo-Prefix.pch";
				INFOPLIST_FILE = "Twitter Count Demo/Twitter Count Demo-Info.plist";
				PRODUCT_NAME = "$(TARGET_NAME)";
				WRAPPER_EXTENSION = app;
			};
			name = Release;
		};
/* End XCBuildConfiguration section */

/* Begin XCConfigurationList section */
		727B7BD215B8C6D600D3F248 /* Build configuration list for PBXProject "Twitter Count Demo" */ = {
			isa = XCConfigurationList;
			buildConfigurations = (
				727B7BF415B8C6D700D3F248 /* Debug */,
				727B7BF515B8C6D700D3F248 /* Release */,
			);
			defaultConfigurationIsVisible = 0;
			defaultConfigurationName = Release;
		};
		727B7BF615B8C6D700D3F248 /* Build configuration list for PBXNativeTarget "Twitter Count Demo" */ = {
			isa = XCConfigurationList;
			buildConfigurations = (
				727B7BF715B8C6D700D3F248 /* Debug */,
				727B7BF815B8C6D700D3F248 /* Release */,
			);
			defaultConfigurationIsVisible = 0;
		};
/* End XCConfigurationList section */
	};
	rootObject = 727B7BCF15B8C6D600D3F248 /* Project object */;
}
